// !$*UTF8*$!
{
	archiveVersion = 1;
	classes = {
	};
	objectVersion = 46;
	objects = {

/* Begin PBXBuildFile section */
		734C3A5F19F793AF00C6BCD8 /* main.m in Sources */ = {isa = PBXBuildFile; fileRef = 734C3A5E19F793AF00C6BCD8 /* main.m */; };
		734C3A6219F793AF00C6BCD8 /* AppDelegate.m in Sources */ = {isa = PBXBuildFile; fileRef = 734C3A6119F793AF00C6BCD8 /* AppDelegate.m */; };
		734C3A6419F793B000C6BCD8 /* art.scnassets in Resources */ = {isa = PBXBuildFile; fileRef = 734C3A6319F793B000C6BCD8 /* art.scnassets */; };
		734C3A6719F793B000C6BCD8 /* GameViewController.m in Sources */ = {isa = PBXBuildFile; fileRef = 734C3A6619F793B000C6BCD8 /* GameViewController.m */; };
		734C3A6A19F793B000C6BCD8 /* Main.storyboard in Resources */ = {isa = PBXBuildFile; fileRef = 734C3A6819F793B000C6BCD8 /* Main.storyboard */; };
		734C3A6C19F793B000C6BCD8 /* Images.xcassets in Resources */ = {isa = PBXBuildFile; fileRef = 734C3A6B19F793B000C6BCD8 /* Images.xcassets */; };
		734C3A6F19F793B000C6BCD8 /* LaunchScreen.xib in Resources */ = {isa = PBXBuildFile; fileRef = 734C3A6D19F793B000C6BCD8 /* LaunchScreen.xib */; };
		734C3A7B19F793B000C6BCD8 /* FirstGameTests.m in Sources */ = {isa = PBXBuildFile; fileRef = 734C3A7A19F793B000C6BCD8 /* FirstGameTests.m */; };
/* End PBXBuildFile section */

/* Begin PBXContainerItemProxy section */
		734C3A7519F793B000C6BCD8 /* PBXContainerItemProxy */ = {
			isa = PBXContainerItemProxy;
			containerPortal = 734C3A5119F793AF00C6BCD8 /* Project object */;
			proxyType = 1;
			remoteGlobalIDString = 734C3A5819F793AF00C6BCD8;
			remoteInfo = FirstGame;
		};
/* End PBXContainerItemProxy section */

/* Begin PBXFileReference section */
		734C3A5919F793AF00C6BCD8 /* FirstGame.app */ = {isa = PBXFileReference; explicitFileType = wrapper.application; includeInIndex = 0; path = FirstGame.app; sourceTree = BUILT_PRODUCTS_DIR; };
		734C3A5D19F793AF00C6BCD8 /* Info.plist */ = {isa = PBXFileReference; lastKnownFileType = text.plist.xml; path = Info.plist; sourceTree = "<group>"; };
		734C3A5E19F793AF00C6BCD8 /* main.m */ = {isa = PBXFileReference; lastKnownFileType = sourcecode.c.objc; path = main.m; sourceTree = "<group>"; };
		734C3A6019F793AF00C6BCD8 /* AppDelegate.h */ = {isa = PBXFileReference; lastKnownFileType = sourcecode.c.h; path = AppDelegate.h; sourceTree = "<group>"; };
		734C3A6119F793AF00C6BCD8 /* AppDelegate.m */ = {isa = PBXFileReference; lastKnownFileType = sourcecode.c.objc; path = AppDelegate.m; sourceTree = "<group>"; };
		734C3A6319F793B000C6BCD8 /* art.scnassets */ = {isa = PBXFileReference; lastKnownFileType = wrapper.scnassets; path = art.scnassets; sourceTree = "<group>"; };
		734C3A6519F793B000C6BCD8 /* GameViewController.h */ = {isa = PBXFileReference; lastKnownFileType = sourcecode.c.h; path = GameViewController.h; sourceTree = "<group>"; };
		734C3A6619F793B000C6BCD8 /* GameViewController.m */ = {isa = PBXFileReference; lastKnownFileType = sourcecode.c.objc; path = GameViewController.m; sourceTree = "<group>"; };
		734C3A6919F793B000C6BCD8 /* Base */ = {isa = PBXFileReference; lastKnownFileType = file.storyboard; name = Base; path = Base.lproj/Main.storyboard; sourceTree = "<group>"; };
		734C3A6B19F793B000C6BCD8 /* Images.xcassets */ = {isa = PBXFileReference; lastKnownFileType = folder.assetcatalog; path = Images.xcassets; sourceTree = "<group>"; };
		734C3A6E19F793B000C6BCD8 /* Base */ = {isa = PBXFileReference; lastKnownFileType = file.xib; name = Base; path = Base.lproj/LaunchScreen.xib; sourceTree = "<group>"; };
		734C3A7419F793B000C6BCD8 /* FirstGameTests.xctest */ = {isa = PBXFileReference; explicitFileType = wrapper.cfbundle; includeInIndex = 0; path = FirstGameTests.xctest; sourceTree = BUILT_PRODUCTS_DIR; };
		734C3A7919F793B000C6BCD8 /* Info.plist */ = {isa = PBXFileReference; lastKnownFileType = text.plist.xml; path = Info.plist; sourceTree = "<group>"; };
		734C3A7A19F793B000C6BCD8 /* FirstGameTests.m */ = {isa = PBXFileReference; lastKnownFileType = sourcecode.c.objc; path = FirstGameTests.m; sourceTree = "<group>"; };
/* End PBXFileReference section */

/* Begin PBXFrameworksBuildPhase section */
		734C3A5619F793AF00C6BCD8 /* Frameworks */ = {
			isa = PBXFrameworksBuildPhase;
			buildActionMask = 2147483647;
			files = (
			);
			runOnlyForDeploymentPostprocessing = 0;
		};
		734C3A7119F793B000C6BCD8 /* Frameworks */ = {
			isa = PBXFrameworksBuildPhase;
			buildActionMask = 2147483647;
			files = (
			);
			runOnlyForDeploymentPostprocessing = 0;
		};
/* End PBXFrameworksBuildPhase section */

/* Begin PBXGroup section */
		734C3A5019F793AF00C6BCD8 = {
			isa = PBXGroup;
			children = (
				734C3A5B19F793AF00C6BCD8 /* FirstGame */,
				734C3A7719F793B000C6BCD8 /* FirstGameTests */,
				734C3A5A19F793AF00C6BCD8 /* Products */,
			);
			sourceTree = "<group>";
		};
		734C3A5A19F793AF00C6BCD8 /* Products */ = {
			isa = PBXGroup;
			children = (
				734C3A5919F793AF00C6BCD8 /* FirstGame.app */,
				734C3A7419F793B000C6BCD8 /* FirstGameTests.xctest */,
			);
			name = Products;
			sourceTree = "<group>";
		};
		734C3A5B19F793AF00C6BCD8 /* FirstGame */ = {
			isa = PBXGroup;
			children = (
				734C3A6019F793AF00C6BCD8 /* AppDelegate.h */,
				734C3A6119F793AF00C6BCD8 /* AppDelegate.m */,
				734C3A6319F793B000C6BCD8 /* art.scnassets */,
				734C3A6519F793B000C6BCD8 /* GameViewController.h */,
				734C3A6619F793B000C6BCD8 /* GameViewController.m */,
				734C3A6819F793B000C6BCD8 /* Main.storyboard */,
				734C3A6B19F793B000C6BCD8 /* Images.xcassets */,
				734C3A6D19F793B000C6BCD8 /* LaunchScreen.xib */,
				734C3A5C19F793AF00C6BCD8 /* Supporting Files */,
			);
			path = FirstGame;
			sourceTree = "<group>";
		};
		734C3A5C19F793AF00C6BCD8 /* Supporting Files */ = {
			isa = PBXGroup;
			children = (
				734C3A5D19F793AF00C6BCD8 /* Info.plist */,
				734C3A5E19F793AF00C6BCD8 /* main.m */,
			);
			name = "Supporting Files";
			sourceTree = "<group>";
		};
		734C3A7719F793B000C6BCD8 /* FirstGameTests */ = {
			isa = PBXGroup;
			children = (
				734C3A7A19F793B000C6BCD8 /* FirstGameTests.m */,
				734C3A7819F793B000C6BCD8 /* Supporting Files */,
			);
			path = FirstGameTests;
			sourceTree = "<group>";
		};
		734C3A7819F793B000C6BCD8 /* Supporting Files */ = {
			isa = PBXGroup;
			children = (
				734C3A7919F793B000C6BCD8 /* Info.plist */,
			);
			name = "Supporting Files";
			sourceTree = "<group>";
		};
/* End PBXGroup section */

/* Begin PBXNativeTarget section */
		734C3A5819F793AF00C6BCD8 /* FirstGame */ = {
			isa = PBXNativeTarget;
			buildConfigurationList = 734C3A7E19F793B000C6BCD8 /* Build configuration list for PBXNativeTarget "FirstGame" */;
			buildPhases = (
				734C3A5519F793AF00C6BCD8 /* Sources */,
				734C3A5619F793AF00C6BCD8 /* Frameworks */,
				734C3A5719F793AF00C6BCD8 /* Resources */,
			);
			buildRules = (
			);
			dependencies = (
			);
			name = FirstGame;
			productName = FirstGame;
			productReference = 734C3A5919F793AF00C6BCD8 /* FirstGame.app */;
			productType = "com.apple.product-type.application";
		};
		734C3A7319F793B000C6BCD8 /* FirstGameTests */ = {
			isa = PBXNativeTarget;
			buildConfigurationList = 734C3A8119F793B000C6BCD8 /* Build configuration list for PBXNativeTarget "FirstGameTests" */;
			buildPhases = (
				734C3A7019F793B000C6BCD8 /* Sources */,
				734C3A7119F793B000C6BCD8 /* Frameworks */,
				734C3A7219F793B000C6BCD8 /* Resources */,
			);
			buildRules = (
			);
			dependencies = (
				734C3A7619F793B000C6BCD8 /* PBXTargetDependency */,
			);
			name = FirstGameTests;
			productName = FirstGameTests;
			productReference = 734C3A7419F793B000C6BCD8 /* FirstGameTests.xctest */;
			productType = "com.apple.product-type.bundle.unit-test";
		};
/* End PBXNativeTarget section */

/* Begin PBXProject section */
		734C3A5119F793AF00C6BCD8 /* Project object */ = {
			isa = PBXProject;
			attributes = {
				LastUpgradeCheck = 0600;
				ORGANIZATIONNAME = Moon;
				TargetAttributes = {
					734C3A5819F793AF00C6BCD8 = {
						CreatedOnToolsVersion = 6.0.1;
					};
					734C3A7319F793B000C6BCD8 = {
						CreatedOnToolsVersion = 6.0.1;
						TestTargetID = 734C3A5819F793AF00C6BCD8;
					};
				};
			};
			buildConfigurationList = 734C3A5419F793AF00C6BCD8 /* Build configuration list for PBXProject "FirstGame" */;
			compatibilityVersion = "Xcode 3.2";
			developmentRegion = English;
			hasScannedForEncodings = 0;
			knownRegions = (
				en,
				Base,
			);
			mainGroup = 734C3A5019F793AF00C6BCD8;
			productRefGroup = 734C3A5A19F793AF00C6BCD8 /* Products */;
			projectDirPath = "";
			projectRoot = "";
			targets = (
				734C3A5819F793AF00C6BCD8 /* FirstGame */,
				734C3A7319F793B000C6BCD8 /* FirstGameTests */,
			);
		};
/* End PBXProject section */

/* Begin PBXResourcesBuildPhase section */
		734C3A5719F793AF00C6BCD8 /* Resources */ = {
			isa = PBXResourcesBuildPhase;
			buildActionMask = 2147483647;
			files = (
				734C3A6F19F793B000C6BCD8 /* LaunchScreen.xib in Resources */,
				734C3A6C19F793B000C6BCD8 /* Images.xcassets in Resources */,
				734C3A6419F793B000C6BCD8 /* art.scnassets in Resources */,
				734C3A6A19F793B000C6BCD8 /* Main.storyboard in Resources */,
			);
			runOnlyForDeploymentPostprocessing = 0;
		};
		734C3A7219F793B000C6BCD8 /* Resources */ = {
			isa = PBXResourcesBuildPhase;
			buildActionMask = 2147483647;
			files = (
			);
			runOnlyForDeploymentPostprocessing = 0;
		};
/* End PBXResourcesBuildPhase section */

/* Begin PBXSourcesBuildPhase section */
		734C3A5519F793AF00C6BCD8 /* Sources */ = {
			isa = PBXSourcesBuildPhase;
			buildActionMask = 2147483647;
			files = (
				734C3A6219F793AF00C6BCD8 /* AppDelegate.m in Sources */,
				734C3A6719F793B000C6BCD8 /* GameViewController.m in Sources */,
				734C3A5F19F793AF00C6BCD8 /* main.m in Sources */,
			);
			runOnlyForDeploymentPostprocessing = 0;
		};
		734C3A7019F793B000C6BCD8 /* Sources */ = {
			isa = PBXSourcesBuildPhase;
			buildActionMask = 2147483647;
			files = (
				734C3A7B19F793B000C6BCD8 /* FirstGameTests.m in Sources */,
			);
			runOnlyForDeploymentPostprocessing = 0;
		};
/* End PBXSourcesBuildPhase section */

/* Begin PBXTargetDependency section */
		734C3A7619F793B000C6BCD8 /* PBXTargetDependency */ = {
			isa = PBXTargetDependency;
			target = 734C3A5819F793AF00C6BCD8 /* FirstGame */;
			targetProxy = 734C3A7519F793B000C6BCD8 /* PBXContainerItemProxy */;
		};
/* End PBXTargetDependency section */

/* Begin PBXVariantGroup section */
		734C3A6819F793B000C6BCD8 /* Main.storyboard */ = {
			isa = PBXVariantGroup;
			children = (
				734C3A6919F793B000C6BCD8 /* Base */,
			);
			name = Main.storyboard;
			sourceTree = "<group>";
		};
		734C3A6D19F793B000C6BCD8 /* LaunchScreen.xib */ = {
			isa = PBXVariantGroup;
			children = (
				734C3A6E19F793B000C6BCD8 /* Base */,
			);
			name = LaunchScreen.xib;
			sourceTree = "<group>";
		};
/* End PBXVariantGroup section */

/* Begin XCBuildConfiguration section */
		734C3A7C19F793B000C6BCD8 /* Debug */ = {
			isa = XCBuildConfiguration;
			buildSettings = {
				ALWAYS_SEARCH_USER_PATHS = NO;
				CLANG_CXX_LANGUAGE_STANDARD = "gnu++0x";
				CLANG_CXX_LIBRARY = "libc++";
				CLANG_ENABLE_MODULES = YES;
				CLANG_ENABLE_OBJC_ARC = YES;
				CLANG_WARN_BOOL_CONVERSION = YES;
				CLANG_WARN_CONSTANT_CONVERSION = YES;
				CLANG_WARN_DIRECT_OBJC_ISA_USAGE = YES_ERROR;
				CLANG_WARN_EMPTY_BODY = YES;
				CLANG_WARN_ENUM_CONVERSION = YES;
				CLANG_WARN_INT_CONVERSION = YES;
				CLANG_WARN_OBJC_ROOT_CLASS = YES_ERROR;
				CLANG_WARN_UNREACHABLE_CODE = YES;
				CLANG_WARN__DUPLICATE_METHOD_MATCH = YES;
				"CODE_SIGN_IDENTITY[sdk=iphoneos*]" = "iPhone Developer";
				COPY_PHASE_STRIP = NO;
				ENABLE_STRICT_OBJC_MSGSEND = YES;
				GCC_C_LANGUAGE_STANDARD = gnu99;
				GCC_DYNAMIC_NO_PIC = NO;
				GCC_OPTIMIZATION_LEVEL = 0;
				GCC_PREPROCESSOR_DEFINITIONS = (
					"DEBUG=1",
					"$(inherited)",
				);
				GCC_SYMBOLS_PRIVATE_EXTERN = NO;
				GCC_WARN_64_TO_32_BIT_CONVERSION = YES;
				GCC_WARN_ABOUT_RETURN_TYPE = YES_ERROR;
				GCC_WARN_UNDECLARED_SELECTOR = YES;
				GCC_WARN_UNINITIALIZED_AUTOS = YES_AGGRESSIVE;
				GCC_WARN_UNUSED_FUNCTION = YES;
				GCC_WARN_UNUSED_VARIABLE = YES;
				IPHONEOS_DEPLOYMENT_TARGET = 8.0;
				MTL_ENABLE_DEBUG_INFO = YES;
				ONLY_ACTIVE_ARCH = YES;
				SDKROOT = iphoneos;
				TARGETED_DEVICE_FAMILY = "1,2";
			};
			name = Debug;
		};
		734C3A7D19F793B000C6BCD8 /* Release */ = {
			isa = XCBuildConfiguration;
			buildSettings = {
				ALWAYS_SEARCH_USER_PATHS = NO;
				CLANG_CXX_LANGUAGE_STANDARD = "gnu++0x";
				CLANG_CXX_LIBRARY = "libc++";
				CLANG_ENABLE_MODULES = YES;
				CLANG_ENABLE_OBJC_ARC = YES;
				CLANG_WARN_BOOL_CONVERSION = YES;
				CLANG_WARN_CONSTANT_CONVERSION = YES;
				CLANG_WARN_DIRECT_OBJC_ISA_USAGE = YES_ERROR;
				CLANG_WARN_EMPTY_BODY = YES;
				CLANG_WARN_ENUM_CONVERSION = YES;
				CLANG_WARN_INT_CONVERSION = YES;
				CLANG_WARN_OBJC_ROOT_CLASS = YES_ERROR;
				CLANG_WARN_UNREACHABLE_CODE = YES;
				CLANG_WARN__DUPLICATE_METHOD_MATCH = YES;
				"CODE_SIGN_IDENTITY[sdk=iphoneos*]" = "iPhone Developer";
				COPY_PHASE_STRIP = YES;
				ENABLE_NS_ASSERTIONS = NO;
				ENABLE_STRICT_OBJC_MSGSEND = YES;
				GCC_C_LANGUAGE_STANDARD = gnu99;
				GCC_WARN_64_TO_32_BIT_CONVERSION = YES;
				GCC_WARN_ABOUT_RETURN_TYPE = YES_ERROR;
				GCC_WARN_UNDECLARED_SELECTOR = YES;
				GCC_WARN_UNINITIALIZED_AUTOS = YES_AGGRESSIVE;
				GCC_WARN_UNUSED_FUNCTION = YES;
				GCC_WARN_UNUSED_VARIABLE = YES;
				IPHONEOS_DEPLOYMENT_TARGET = 8.0;
				MTL_ENABLE_DEBUG_INFO = NO;
				SDKROOT = iphoneos;
				TARGETED_DEVICE_FAMILY = "1,2";
				VALIDATE_PRODUCT = YES;
			};
			name = Release;
		};
		734C3A7F19F793B000C6BCD8 /* Debug */ = {
			isa = XCBuildConfiguration;
			buildSettings = {
				ASSETCATALOG_COMPILER_APPICON_NAME = AppIcon;
				INFOPLIST_FILE = FirstGame/Info.plist;
				LD_RUNPATH_SEARCH_PATHS = "$(inherited) @executable_path/Frameworks";
				PRODUCT_NAME = "$(TARGET_NAME)";
			};
			name = Debug;
		};
		734C3A8019F793B000C6BCD8 /* Release */ = {
			isa = XCBuildConfiguration;
			buildSettings = {
				ASSETCATALOG_COMPILER_APPICON_NAME = AppIcon;
				INFOPLIST_FILE = FirstGame/Info.plist;
				LD_RUNPATH_SEARCH_PATHS = "$(inherited) @executable_path/Frameworks";
				PRODUCT_NAME = "$(TARGET_NAME)";
			};
			name = Release;
		};
		734C3A8219F793B000C6BCD8 /* Debug */ = {
			isa = XCBuildConfiguration;
			buildSettings = {
				BUNDLE_LOADER = "$(TEST_HOST)";
				FRAMEWORK_SEARCH_PATHS = (
					"$(SDKROOT)/Developer/Library/Frameworks",
					"$(inherited)",
				);
				GCC_PREPROCESSOR_DEFINITIONS = (
					"DEBUG=1",
					"$(inherited)",
				);
				INFOPLIST_FILE = FirstGameTests/Info.plist;
				LD_RUNPATH_SEARCH_PATHS = "$(inherited) @executable_path/Frameworks @loader_path/Frameworks";
				PRODUCT_NAME = "$(TARGET_NAME)";
				TEST_HOST = "$(BUILT_PRODUCTS_DIR)/FirstGame.app/FirstGame";
			};
			name = Debug;
		};
		734C3A8319F793B000C6BCD8 /* Release */ = {
			isa = XCBuildConfiguration;
			buildSettings = {
				BUNDLE_LOADER = "$(TEST_HOST)";
				FRAMEWORK_SEARCH_PATHS = (
					"$(SDKROOT)/Developer/Library/Frameworks",
					"$(inherited)",
				);
				INFOPLIST_FILE = FirstGameTests/Info.plist;
				LD_RUNPATH_SEARCH_PATHS = "$(inherited) @executable_path/Frameworks @loader_path/Frameworks";
				PRODUCT_NAME = "$(TARGET_NAME)";
				TEST_HOST = "$(BUILT_PRODUCTS_DIR)/FirstGame.app/FirstGame";
			};
			name = Release;
		};
/* End XCBuildConfiguration section */

/* Begin XCConfigurationList section */
		734C3A5419F793AF00C6BCD8 /* Build configuration list for PBXProject "FirstGame" */ = {
			isa = XCConfigurationList;
			buildConfigurations = (
				734C3A7C19F793B000C6BCD8 /* Debug */,
				734C3A7D19F793B000C6BCD8 /* Release */,
			);
			defaultConfigurationIsVisible = 0;
			defaultConfigurationName = Release;
		};
		734C3A7E19F793B000C6BCD8 /* Build configuration list for PBXNativeTarget "FirstGame" */ = {
			isa = XCConfigurationList;
			buildConfigurations = (
				734C3A7F19F793B000C6BCD8 /* Debug */,
				734C3A8019F793B000C6BCD8 /* Release */,
			);
			defaultConfigurationIsVisible = 0;
		};
		734C3A8119F793B000C6BCD8 /* Build configuration list for PBXNativeTarget "FirstGameTests" */ = {
			isa = XCConfigurationList;
			buildConfigurations = (
				734C3A8219F793B000C6BCD8 /* Debug */,
				734C3A8319F793B000C6BCD8 /* Release */,
			);
			defaultConfigurationIsVisible = 0;
		};
/* End XCConfigurationList section */
	};
	rootObject = 734C3A5119F793AF00C6BCD8 /* Project object */;
}
